{
  "requires": true,
  "lockfileVersion": 1,
  "dependencies": {
    "@mdi/font": {
      "version": "3.7.95",
      "resolved": "https://registry.npmjs.org/@mdi/font/-/font-3.7.95.tgz",
      "integrity": "sha512-JFQSv1GwhilTN6mj2SHu+YH+jZAIPn6sir/gGYoMSgyEM94nzlLGc7Ew21mnDEr0+W3LhFaInu8dqZFvNUx1bA==",
      "dev": true
    }
  }
}
